dependencies:
  espressif/esp_jpeg:
    component_hash: fdddaa1ceeee223e0abd7e865b05dbceea7ff175440a5ea26eeff8304564e7aa
    dependencies:
    - name: idf
      require: private
      version: '>=5.0'
    source:
      registry_url: https://components.espressif.com/
      type: service
    version: 1.3.0
  idf:
    source:
      type: idf
    version: 5.3.3
direct_dependencies:
- espressif/esp_jpeg
- idf
manifest_hash: cf9c2d3d0c97ed370ff14c6bef95639d79af16a1121457e0760052e42c4bd649
target: esp32s3
version: 2.0.0
